<?xml version="1.0" encoding="utf-8"?>
<Project ToolsVersion="4.0" xmlns="http://schemas.microsoft.com/developer/msbuild/2003">
  <ItemGroup>
    <Filter Include="Source Files">
      <UniqueIdentifier>{4FC737F1-C7A5-4376-A066-2A32D752A2FF}</UniqueIdentifier>
      <Extensions>cpp;c;cc;cxx;c++;cppm;ixx;def;odl;idl;hpj;bat;asm;asmx</Extensions>
    </Filter>
    <Filter Include="Header Files">
      <UniqueIdentifier>{93995380-89BD-4b04-88EB-625FBE52EBFB}</UniqueIdentifier>
      <Extensions>h;hh;hpp;hxx;h++;hm;inl;inc;ipp;xsd</Extensions>
    </Filter>
    <Filter Include="Resource Files">
      <UniqueIdentifier>{67DA6AB6-F800-4c08-8B7A-83BB121AAD01}</UniqueIdentifier>
      <Extensions>rc;ico;cur;bmp;dlg;rc2;rct;bin;rgs;gif;jpg;jpeg;jpe;resx;tiff;tif;png;wav;mfcribbon-ms</Extensions>
    </Filter>
    <Filter Include="Header Files\imgui">
      <UniqueIdentifier>{ce105907-f12c-4094-af66-bf53ed3765fc}</UniqueIdentifier>
    </Filter>
    <Filter Include="Header Files\kiero">
      <UniqueIdentifier>{40423801-a7b4-49ca-b7b6-f1d27f3b64e3}</UniqueIdentifier>
    </Filter>
    <Filter Include="Source Files\kiero">
      <UniqueIdentifier>{cf60e9c2-1e28-4d65-b55a-3c72765e687c}</UniqueIdentifier>
    </Filter>
    <Filter Include="Source Files\imgui">
      <UniqueIdentifier>{10239586-37d5-4729-bfae-af7e40ce36cf}</UniqueIdentifier>
    </Filter>
  </ItemGroup>
  <ItemGroup>
    <ClCompile Include="dllmain.cpp">
      <Filter>Source Files</Filter>
    </ClCompile>
    <ClCompile Include="app.cpp">
      <Filter>Source Files</Filter>
    </ClCompile>
    <ClCompile Include="external\imgui\imgui_demo.cpp">
      <Filter>Source Files\imgui</Filter>
    </ClCompile>
    <ClCompile Include="external\imgui\imgui_draw.cpp">
      <Filter>Source Files\imgui</Filter>
    </ClCompile>
    <ClCompile Include="external\imgui\imgui_impl_opengl2.cpp">
      <Filter>Source Files\imgui</Filter>
    </ClCompile>
    <ClCompile Include="external\imgui\imgui_impl_win32.cpp">
      <Filter>Source Files\imgui</Filter>
    </ClCompile>
    <ClCompile Include="external\imgui\imgui_stdlib.cpp">
      <Filter>Source Files\imgui</Filter>
    </ClCompile>
    <ClCompile Include="external\imgui\imgui_tables.cpp">
      <Filter>Source Files\imgui</Filter>
    </ClCompile>
    <ClCompile Include="external\imgui\imgui_widgets.cpp">
      <Filter>Source Files\imgui</Filter>
    </ClCompile>
    <ClCompile Include="external\kiero\minhook\src\buffer.c">
      <Filter>Source Files\kiero</Filter>
    </ClCompile>
    <ClCompile Include="external\kiero\minhook\src\hde\hde32.c">
      <Filter>Source Files\kiero</Filter>
    </ClCompile>
    <ClCompile Include="external\kiero\minhook\src\hde\hde64.c">
      <Filter>Source Files\kiero</Filter>
    </ClCompile>
    <ClCompile Include="external\kiero\minhook\src\hook.c">
      <Filter>Source Files\kiero</Filter>
    </ClCompile>
    <ClCompile Include="external\imgui\imgui.cpp">
      <Filter>Source Files\kiero</Filter>
    </ClCompile>
    <ClCompile Include="external\kiero\kiero.cpp">
      <Filter>Source Files\kiero</Filter>
    </ClCompile>
    <ClCompile Include="external\kiero\minhook\src\trampoline.c">
      <Filter>Source Files\kiero</Filter>
    </ClCompile>
    <ClCompile Include="imgui_hook.cpp">
      <Filter>Source Files</Filter>
    </ClCompile>
  </ItemGroup>
  <ItemGroup>
    <ClInclude Include="app.h">
      <Filter>Header Files</Filter>
    </ClInclude>
    <ClInclude Include="external\imgui\imconfig.h">
      <Filter>Header Files\imgui</Filter>
    </ClInclude>
    <ClInclude Include="external\imgui\imgui.h">
      <Filter>Header Files\imgui</Filter>
    </ClInclude>
    <ClInclude Include="external\imgui\imgui_impl_opengl2.h">
      <Filter>Header Files\imgui</Filter>
    </ClInclude>
    <ClInclude Include="external\imgui\imgui_impl_win32.h">
      <Filter>Header Files\imgui</Filter>
    </ClInclude>
    <ClInclude Include="external\imgui\imgui_internal.h">
      <Filter>Header Files\imgui</Filter>
    </ClInclude>
    <ClInclude Include="external\imgui\imgui_stdlib.h">
      <Filter>Header Files\imgui</Filter>
    </ClInclude>
    <ClInclude Include="external\imgui\imstb_rectpack.h">
      <Filter>Header Files\imgui</Filter>
    </ClInclude>
    <ClInclude Include="external\imgui\imstb_textedit.h">
      <Filter>Header Files\imgui</Filter>
    </ClInclude>
    <ClInclude Include="external\imgui\imstb_truetype.h">
      <Filter>Header Files\imgui</Filter>
    </ClInclude>
    <ClInclude Include="external\kiero\minhook\src\buffer.h">
      <Filter>Header Files\kiero</Filter>
    </ClInclude>
    <ClInclude Include="external\kiero\minhook\src\hde\hde32.h">
      <Filter>Header Files\kiero</Filter>
    </ClInclude>
    <ClInclude Include="external\kiero\minhook\src\hde\hde64.h">
      <Filter>Header Files\kiero</Filter>
    </ClInclude>
    <ClInclude Include="external\kiero\kiero.h">
      <Filter>Header Files\kiero</Filter>
    </ClInclude>
    <ClInclude Include="external\kiero\minhook\include\MinHook.h">
      <Filter>Header Files\kiero</Filter>
    </ClInclude>
    <ClInclude Include="external\kiero\minhook\src\hde\pstdint.h">
      <Filter>Header Files\kiero</Filter>
    </ClInclude>
    <ClInclude Include="external\kiero\minhook\src\hde\table32.h">
      <Filter>Header Files\kiero</Filter>
    </ClInclude>
    <ClInclude Include="external\kiero\minhook\src\hde\table64.h">
      <Filter>Header Files\kiero</Filter>
    </ClInclude>
    <ClInclude Include="external\kiero\minhook\src\trampoline.h">
      <Filter>Header Files\kiero</Filter>
    </ClInclude>
    <ClInclude Include="imgui_hook.h">
      <Filter>Header Files</Filter>
    </ClInclude>
  </ItemGroup>
</Project>